Microsoft Visual Studio Solution File, Format Version 12.00
# Visual Studio Version 17
VisualStudioVersion = 17.5.2.0
MinimumVisualStudioVersion = 10.0.40219.1
Project("{2150E333-8FDC-42A3-9474-1A3956D46DE8}") = "assignments", "assignments", "{39D37D13-1A77-DB53-501B-8CF36D38B79E}"
EndProject
Project("{2150E333-8FDC-42A3-9474-1A3956D46DE8}") = "week-2-foundations", "week-2-foundations", "{2D1D394B-EDEB-85B4-57DA-52244E151495}"
EndProject
Project("{FAE04EC0-301F-11D3-BF4B-00C04F79EFBC}") = "Week2Foundations", "assignments\week-2-foundations\Week2Foundations\Week2Foundations.csproj", "{3EE2FAD0-4F8B-5E5F-F803-02949974F392}"
EndProject
Global
	GlobalSection(SolutionConfigurationPlatforms) = preSolution
		Debug|Any CPU = Debug|Any CPU
		Release|Any CPU = Release|Any CPU
	EndGlobalSection
	GlobalSection(ProjectConfigurationPlatforms) = postSolution
		{3EE2FAD0-4F8B-5E5F-F803-02949974F392}.Debug|Any CPU.ActiveCfg = Debug|Any CPU
		{3EE2FAD0-4F8B-5E5F-F803-02949974F392}.Debug|Any CPU.Build.0 = Debug|Any CPU
		{3EE2FAD0-4F8B-5E5F-F803-02949974F392}.Release|Any CPU.ActiveCfg = Release|Any CPU
		{3EE2FAD0-4F8B-5E5F-F803-02949974F392}.Release|Any CPU.Build.0 = Release|Any CPU
	EndGlobalSection
	GlobalSection(SolutionProperties) = preSolution
		HideSolutionNode = FALSE
	EndGlobalSection
	GlobalSection(NestedProjects) = preSolution
		{2D1D394B-EDEB-85B4-57DA-52244E151495} = {39D37D13-1A77-DB53-501B-8CF36D38B79E}
		{3EE2FAD0-4F8B-5E5F-F803-02949974F392} = {2D1D394B-EDEB-85B4-57DA-52244E151495}
	EndGlobalSection
	GlobalSection(ExtensibilityGlobals) = postSolution
		SolutionGuid = {EDCCA0E6-43DC-426F-A436-9483EDE5D011}
	EndGlobalSection
EndGlobal
